
Microsoft Visual Studio Solution File, Format Version 12.00
# Visual Studio Version 16
VisualStudioVersion = 16.0.30011.22
MinimumVisualStudioVersion = 10.0.40219.1
Project("{F2A71F9B-5D33-465A-A702-920D77279786}") = "TreeFilter", "TreeFilter\TreeFilter.fsproj", "{C21790FE-AE93-4F82-8BF3-94885C71CBED}"
EndProject
Project("{F2A71F9B-5D33-465A-A702-920D77279786}") = "TreeFilterTests", "TreeFilterTests\TreeFilterTests.fsproj", "{D3DE75ED-98BA-4C5E-92AB-8227445D724B}"
EndProject
Global
	GlobalSection(SolutionConfigurationPlatforms) = preSolution
		Debug|Any CPU = Debug|Any CPU
		Release|Any CPU = Release|Any CPU
	EndGlobalSection
	GlobalSection(ProjectConfigurationPlatforms) = postSolution
		{C21790FE-AE93-4F82-8BF3-94885C71CBED}.Debug|Any CPU.ActiveCfg = Debug|Any CPU
		{C21790FE-AE93-4F82-8BF3-94885C71CBED}.Debug|Any CPU.Build.0 = Debug|Any CPU
		{C21790FE-AE93-4F82-8BF3-94885C71CBED}.Release|Any CPU.ActiveCfg = Release|Any CPU
		{C21790FE-AE93-4F82-8BF3-94885C71CBED}.Release|Any CPU.Build.0 = Release|Any CPU
		{D3DE75ED-98BA-4C5E-92AB-8227445D724B}.Debug|Any CPU.ActiveCfg = Debug|Any CPU
		{D3DE75ED-98BA-4C5E-92AB-8227445D724B}.Debug|Any CPU.Build.0 = Debug|Any CPU
		{D3DE75ED-98BA-4C5E-92AB-8227445D724B}.Release|Any CPU.ActiveCfg = Release|Any CPU
		{D3DE75ED-98BA-4C5E-92AB-8227445D724B}.Release|Any CPU.Build.0 = Release|Any CPU
	EndGlobalSection
	GlobalSection(SolutionProperties) = preSolution
		HideSolutionNode = FALSE
	EndGlobalSection
	GlobalSection(ExtensibilityGlobals) = postSolution
		SolutionGuid = {76DC1D2A-A7A6-4833-96DB-DE4485DF8E5F}
	EndGlobalSection
EndGlobal
