
Microsoft Visual Studio Solution File, Format Version 12.00
# Visual Studio Version 16
VisualStudioVersion = 16.0.30320.27
MinimumVisualStudioVersion = 10.0.40219.1
Project("{F2A71F9B-5D33-465A-A702-920D77279786}") = "SecondFunctions", "SecondFunctions\SecondFunctions.fsproj", "{C1C674CC-DC61-428E-BAD5-4DBB2125B0CC}"
EndProject
Project("{F2A71F9B-5D33-465A-A702-920D77279786}") = "SecondFunctionsTests", "SecondFunctionsTests\SecondFunctionsTests.fsproj", "{6DDD05B1-D779-4BBC-95A2-BC7FF0162F84}"
EndProject
Global
	GlobalSection(SolutionConfigurationPlatforms) = preSolution
		Debug|Any CPU = Debug|Any CPU
		Release|Any CPU = Release|Any CPU
	EndGlobalSection
	GlobalSection(ProjectConfigurationPlatforms) = postSolution
		{C1C674CC-DC61-428E-BAD5-4DBB2125B0CC}.Debug|Any CPU.ActiveCfg = Debug|Any CPU
		{C1C674CC-DC61-428E-BAD5-4DBB2125B0CC}.Debug|Any CPU.Build.0 = Debug|Any CPU
		{C1C674CC-DC61-428E-BAD5-4DBB2125B0CC}.Release|Any CPU.ActiveCfg = Release|Any CPU
		{C1C674CC-DC61-428E-BAD5-4DBB2125B0CC}.Release|Any CPU.Build.0 = Release|Any CPU
		{6DDD05B1-D779-4BBC-95A2-BC7FF0162F84}.Debug|Any CPU.ActiveCfg = Debug|Any CPU
		{6DDD05B1-D779-4BBC-95A2-BC7FF0162F84}.Debug|Any CPU.Build.0 = Debug|Any CPU
		{6DDD05B1-D779-4BBC-95A2-BC7FF0162F84}.Release|Any CPU.ActiveCfg = Release|Any CPU
		{6DDD05B1-D779-4BBC-95A2-BC7FF0162F84}.Release|Any CPU.Build.0 = Release|Any CPU
	EndGlobalSection
	GlobalSection(SolutionProperties) = preSolution
		HideSolutionNode = FALSE
	EndGlobalSection
	GlobalSection(ExtensibilityGlobals) = postSolution
		SolutionGuid = {15FE6EED-3721-40D4-A2D5-43DBE2F3F830}
	EndGlobalSection
EndGlobal
