
Microsoft Visual Studio Solution File, Format Version 12.00
# Visual Studio Version 16
VisualStudioVersion = 16.0.30804.86
MinimumVisualStudioVersion = 10.0.40219.1
Project("{6EC3EE1D-3C4E-46DD-8F32-0CC8E7565705}") = "FsLazy", "FsLazy\FsLazy.fsproj", "{5A7F51B3-51B6-4791-90B2-062CD64700E8}"
EndProject
Project("{F2A71F9B-5D33-465A-A702-920D77279786}") = "FsLazyTests", "FsLazyTests\FsLazyTests.fsproj", "{D7C009FF-F43C-400E-8097-AEE5B5B519D3}"
EndProject
Global
	GlobalSection(SolutionConfigurationPlatforms) = preSolution
		Debug|Any CPU = Debug|Any CPU
		Release|Any CPU = Release|Any CPU
	EndGlobalSection
	GlobalSection(ProjectConfigurationPlatforms) = postSolution
		{5A7F51B3-51B6-4791-90B2-062CD64700E8}.Debug|Any CPU.ActiveCfg = Debug|Any CPU
		{5A7F51B3-51B6-4791-90B2-062CD64700E8}.Debug|Any CPU.Build.0 = Debug|Any CPU
		{5A7F51B3-51B6-4791-90B2-062CD64700E8}.Release|Any CPU.ActiveCfg = Release|Any CPU
		{5A7F51B3-51B6-4791-90B2-062CD64700E8}.Release|Any CPU.Build.0 = Release|Any CPU
		{D7C009FF-F43C-400E-8097-AEE5B5B519D3}.Debug|Any CPU.ActiveCfg = Debug|Any CPU
		{D7C009FF-F43C-400E-8097-AEE5B5B519D3}.Debug|Any CPU.Build.0 = Debug|Any CPU
		{D7C009FF-F43C-400E-8097-AEE5B5B519D3}.Release|Any CPU.ActiveCfg = Release|Any CPU
		{D7C009FF-F43C-400E-8097-AEE5B5B519D3}.Release|Any CPU.Build.0 = Release|Any CPU
	EndGlobalSection
	GlobalSection(SolutionProperties) = preSolution
		HideSolutionNode = FALSE
	EndGlobalSection
	GlobalSection(ExtensibilityGlobals) = postSolution
		SolutionGuid = {92A48FD9-DB0E-4F2B-80F9-CE72A5C12A0C}
	EndGlobalSection
EndGlobal
