
Microsoft Visual Studio Solution File, Format Version 12.00
# Visual Studio Version 16
VisualStudioVersion = 16.0.30011.22
MinimumVisualStudioVersion = 10.0.40219.1
Project("{F2A71F9B-5D33-465A-A702-920D77279786}") = "FibonacciSum", "FibonacciSum\FibonacciSum.fsproj", "{4E45B8C2-CDC6-4E8E-BE37-ECCCB659D8E9}"
EndProject
Project("{F2A71F9B-5D33-465A-A702-920D77279786}") = "TestingFibSum", "TestingFibSum\TestingFibSum.fsproj", "{CBCCA26B-37F8-4396-A135-1FF8FA6EBEF8}"
EndProject
Global
	GlobalSection(SolutionConfigurationPlatforms) = preSolution
		Debug|Any CPU = Debug|Any CPU
		Release|Any CPU = Release|Any CPU
	EndGlobalSection
	GlobalSection(ProjectConfigurationPlatforms) = postSolution
		{4E45B8C2-CDC6-4E8E-BE37-ECCCB659D8E9}.Debug|Any CPU.ActiveCfg = Debug|Any CPU
		{4E45B8C2-CDC6-4E8E-BE37-ECCCB659D8E9}.Debug|Any CPU.Build.0 = Debug|Any CPU
		{4E45B8C2-CDC6-4E8E-BE37-ECCCB659D8E9}.Release|Any CPU.ActiveCfg = Release|Any CPU
		{4E45B8C2-CDC6-4E8E-BE37-ECCCB659D8E9}.Release|Any CPU.Build.0 = Release|Any CPU
		{CBCCA26B-37F8-4396-A135-1FF8FA6EBEF8}.Debug|Any CPU.ActiveCfg = Debug|Any CPU
		{CBCCA26B-37F8-4396-A135-1FF8FA6EBEF8}.Debug|Any CPU.Build.0 = Debug|Any CPU
		{CBCCA26B-37F8-4396-A135-1FF8FA6EBEF8}.Release|Any CPU.ActiveCfg = Release|Any CPU
		{CBCCA26B-37F8-4396-A135-1FF8FA6EBEF8}.Release|Any CPU.Build.0 = Release|Any CPU
	EndGlobalSection
	GlobalSection(SolutionProperties) = preSolution
		HideSolutionNode = FALSE
	EndGlobalSection
	GlobalSection(ExtensibilityGlobals) = postSolution
		SolutionGuid = {D7D6EB5E-99EE-4B6C-8E30-DFD9DD034435}
	EndGlobalSection
EndGlobal
